
Microsoft Visual Studio Solution File, Format Version 12.00
# Visual Studio 15
VisualStudioVersion = 15.0.27428.2015
MinimumVisualStudioVersion = 10.0.40219.1
Project("{2150E333-8FDC-42A3-9474-1A3956D46DE8}") = "db", "db", "{7C05FE85-7A1B-4F8B-A5A6-BDAF6B50EE4E}"
EndProject
Project("{2150E333-8FDC-42A3-9474-1A3956D46DE8}") = "src", "src", "{4F131EFB-A4C8-4A1A-A4FC-D52273088F27}"
EndProject
Project("{00D1A9C2-B5F0-4AF3-8072-F6C62B433612}") = "TripsFinder.Database", "db\TripsFinder.Database\TripsFinder.Database.sqlproj", "{5765FA3D-817B-4182-A41C-E893DB683C39}"
EndProject
Project("{2150E333-8FDC-42A3-9474-1A3956D46DE8}") = "Services", "Services", "{0CE2EAA5-332A-4B9B-B43B-680F50D1A980}"
EndProject
Project("{9A19103F-16F7-4668-BE54-9A1E7A4F7556}") = "TripsFinder.Services", "src\Services\TripsFinder.Services\TripsFinder.Services.csproj", "{DB6E09CA-CF70-41AE-A352-FE840A6C154E}"
EndProject
Project("{9A19103F-16F7-4668-BE54-9A1E7A4F7556}") = "TripsFinder.Services.Dtos", "src\Services\TripsFinder.Services.Dtos\TripsFinder.Services.Dtos.csproj", "{2020C5D6-D48A-468D-B000-C73D2A08E653}"
EndProject
Project("{9A19103F-16F7-4668-BE54-9A1E7A4F7556}") = "TripsFinder.Services.Interfaces", "src\Services\TripsFinder.Services.Interfaces\TripsFinder.Services.Interfaces.csproj", "{42CB0FFF-67E7-499F-B098-5B18DA00EF1A}"
EndProject
Project("{2150E333-8FDC-42A3-9474-1A3956D46DE8}") = "Data", "Data", "{3F0F7E81-011E-4D68-9ED2-AD74F56C015B}"
EndProject
Project("{9A19103F-16F7-4668-BE54-9A1E7A4F7556}") = "TripsFinder.Data", "src\Data\TripsFinder.Data\TripsFinder.Data.csproj", "{07E8CD0B-3124-45B8-A90B-325818825BA1}"
EndProject
Project("{9A19103F-16F7-4668-BE54-9A1E7A4F7556}") = "TripsFinder.Data.Domain", "src\Data\TripsFinder.Data.Domain\TripsFinder.Data.Domain.csproj", "{8C77C741-AFE5-49D3-9537-8A1E4DA0C881}"
EndProject
Project("{9A19103F-16F7-4668-BE54-9A1E7A4F7556}") = "TripsFinder.Data.Interfaces", "src\Data\TripsFinder.Data.Interfaces\TripsFinder.Data.Interfaces.csproj", "{BD92B90E-03F6-44B4-AD7D-0E300F1E3A56}"
EndProject
Project("{2150E333-8FDC-42A3-9474-1A3956D46DE8}") = "Presentation", "Presentation", "{1CF03367-9DCD-46D1-8D54-B2818296ED18}"
EndProject
Project("{9A19103F-16F7-4668-BE54-9A1E7A4F7556}") = "TripsFinder.Web", "src\Presentation\TripsFinder.Web\TripsFinder.Web.csproj", "{01DE41B6-9FE4-47B2-B763-2462C409E8E5}"
EndProject
Global
	GlobalSection(SolutionConfigurationPlatforms) = preSolution
		Debug|Any CPU = Debug|Any CPU
		Release|Any CPU = Release|Any CPU
	EndGlobalSection
	GlobalSection(ProjectConfigurationPlatforms) = postSolution
		{5765FA3D-817B-4182-A41C-E893DB683C39}.Debug|Any CPU.ActiveCfg = Debug|Any CPU
		{5765FA3D-817B-4182-A41C-E893DB683C39}.Debug|Any CPU.Build.0 = Debug|Any CPU
		{5765FA3D-817B-4182-A41C-E893DB683C39}.Debug|Any CPU.Deploy.0 = Debug|Any CPU
		{5765FA3D-817B-4182-A41C-E893DB683C39}.Release|Any CPU.ActiveCfg = Release|Any CPU
		{5765FA3D-817B-4182-A41C-E893DB683C39}.Release|Any CPU.Build.0 = Release|Any CPU
		{5765FA3D-817B-4182-A41C-E893DB683C39}.Release|Any CPU.Deploy.0 = Release|Any CPU
		{DB6E09CA-CF70-41AE-A352-FE840A6C154E}.Debug|Any CPU.ActiveCfg = Debug|Any CPU
		{DB6E09CA-CF70-41AE-A352-FE840A6C154E}.Debug|Any CPU.Build.0 = Debug|Any CPU
		{DB6E09CA-CF70-41AE-A352-FE840A6C154E}.Release|Any CPU.ActiveCfg = Release|Any CPU
		{DB6E09CA-CF70-41AE-A352-FE840A6C154E}.Release|Any CPU.Build.0 = Release|Any CPU
		{2020C5D6-D48A-468D-B000-C73D2A08E653}.Debug|Any CPU.ActiveCfg = Debug|Any CPU
		{2020C5D6-D48A-468D-B000-C73D2A08E653}.Debug|Any CPU.Build.0 = Debug|Any CPU
		{2020C5D6-D48A-468D-B000-C73D2A08E653}.Release|Any CPU.ActiveCfg = Release|Any CPU
		{2020C5D6-D48A-468D-B000-C73D2A08E653}.Release|Any CPU.Build.0 = Release|Any CPU
		{42CB0FFF-67E7-499F-B098-5B18DA00EF1A}.Debug|Any CPU.ActiveCfg = Debug|Any CPU
		{42CB0FFF-67E7-499F-B098-5B18DA00EF1A}.Debug|Any CPU.Build.0 = Debug|Any CPU
		{42CB0FFF-67E7-499F-B098-5B18DA00EF1A}.Release|Any CPU.ActiveCfg = Release|Any CPU
		{42CB0FFF-67E7-499F-B098-5B18DA00EF1A}.Release|Any CPU.Build.0 = Release|Any CPU
		{07E8CD0B-3124-45B8-A90B-325818825BA1}.Debug|Any CPU.ActiveCfg = Debug|Any CPU
		{07E8CD0B-3124-45B8-A90B-325818825BA1}.Debug|Any CPU.Build.0 = Debug|Any CPU
		{07E8CD0B-3124-45B8-A90B-325818825BA1}.Release|Any CPU.ActiveCfg = Release|Any CPU
		{07E8CD0B-3124-45B8-A90B-325818825BA1}.Release|Any CPU.Build.0 = Release|Any CPU
		{8C77C741-AFE5-49D3-9537-8A1E4DA0C881}.Debug|Any CPU.ActiveCfg = Debug|Any CPU
		{8C77C741-AFE5-49D3-9537-8A1E4DA0C881}.Debug|Any CPU.Build.0 = Debug|Any CPU
		{8C77C741-AFE5-49D3-9537-8A1E4DA0C881}.Release|Any CPU.ActiveCfg = Release|Any CPU
		{8C77C741-AFE5-49D3-9537-8A1E4DA0C881}.Release|Any CPU.Build.0 = Release|Any CPU
		{BD92B90E-03F6-44B4-AD7D-0E300F1E3A56}.Debug|Any CPU.ActiveCfg = Debug|Any CPU
		{BD92B90E-03F6-44B4-AD7D-0E300F1E3A56}.Debug|Any CPU.Build.0 = Debug|Any CPU
		{BD92B90E-03F6-44B4-AD7D-0E300F1E3A56}.Release|Any CPU.ActiveCfg = Release|Any CPU
		{BD92B90E-03F6-44B4-AD7D-0E300F1E3A56}.Release|Any CPU.Build.0 = Release|Any CPU
		{01DE41B6-9FE4-47B2-B763-2462C409E8E5}.Debug|Any CPU.ActiveCfg = Debug|Any CPU
		{01DE41B6-9FE4-47B2-B763-2462C409E8E5}.Debug|Any CPU.Build.0 = Debug|Any CPU
		{01DE41B6-9FE4-47B2-B763-2462C409E8E5}.Release|Any CPU.ActiveCfg = Release|Any CPU
		{01DE41B6-9FE4-47B2-B763-2462C409E8E5}.Release|Any CPU.Build.0 = Release|Any CPU
	EndGlobalSection
	GlobalSection(SolutionProperties) = preSolution
		HideSolutionNode = FALSE
	EndGlobalSection
	GlobalSection(NestedProjects) = preSolution
		{5765FA3D-817B-4182-A41C-E893DB683C39} = {7C05FE85-7A1B-4F8B-A5A6-BDAF6B50EE4E}
		{0CE2EAA5-332A-4B9B-B43B-680F50D1A980} = {4F131EFB-A4C8-4A1A-A4FC-D52273088F27}
		{DB6E09CA-CF70-41AE-A352-FE840A6C154E} = {0CE2EAA5-332A-4B9B-B43B-680F50D1A980}
		{2020C5D6-D48A-468D-B000-C73D2A08E653} = {0CE2EAA5-332A-4B9B-B43B-680F50D1A980}
		{42CB0FFF-67E7-499F-B098-5B18DA00EF1A} = {0CE2EAA5-332A-4B9B-B43B-680F50D1A980}
		{3F0F7E81-011E-4D68-9ED2-AD74F56C015B} = {4F131EFB-A4C8-4A1A-A4FC-D52273088F27}
		{07E8CD0B-3124-45B8-A90B-325818825BA1} = {3F0F7E81-011E-4D68-9ED2-AD74F56C015B}
		{8C77C741-AFE5-49D3-9537-8A1E4DA0C881} = {3F0F7E81-011E-4D68-9ED2-AD74F56C015B}
		{BD92B90E-03F6-44B4-AD7D-0E300F1E3A56} = {3F0F7E81-011E-4D68-9ED2-AD74F56C015B}
		{1CF03367-9DCD-46D1-8D54-B2818296ED18} = {4F131EFB-A4C8-4A1A-A4FC-D52273088F27}
		{01DE41B6-9FE4-47B2-B763-2462C409E8E5} = {1CF03367-9DCD-46D1-8D54-B2818296ED18}
	EndGlobalSection
	GlobalSection(ExtensibilityGlobals) = postSolution
		SolutionGuid = {1BE5313D-69B4-4769-9C2C-4D97669978C7}
	EndGlobalSection
EndGlobal
